
Microsoft Visual Studio Solution File, Format Version 12.00
# Visual Studio 15
VisualStudioVersion = 15.0.26730.16
MinimumVisualStudioVersion = 10.0.40219.1
Project("{9A19103F-16F7-4668-BE54-9A1E7A4F7556}") = "ToDoRestAPI", "ToDoRestAPI\ToDoRestAPI.csproj", "{C4CFF448-08F8-4537-AFCA-D1226E595033}"
EndProject
Project("{9A19103F-16F7-4668-BE54-9A1E7A4F7556}") = "ToDo", "ToDo\ToDo.csproj", "{EA7C2558-4F74-41ED-9B29-F64DA2E19F48}"
EndProject
Project("{E24C65DC-7377-472B-9ABA-BC803B73C61A}") = "ToDoWebClient", "ToDoWebClient\", "{B2CDBC06-FE4C-4643-AB76-F38D117778B9}"
	ProjectSection(WebsiteProperties) = preProject
		TargetFrameworkMoniker = ".NETFramework,Version%3Dv4.0"
		Debug.AspNetCompiler.VirtualPath = "/localhost_65140"
		Debug.AspNetCompiler.PhysicalPath = "ToDoWebClient\"
		Debug.AspNetCompiler.TargetPath = "PrecompiledWeb\localhost_65140\"
		Debug.AspNetCompiler.Updateable = "true"
		Debug.AspNetCompiler.ForceOverwrite = "true"
		Debug.AspNetCompiler.FixedNames = "false"
		Debug.AspNetCompiler.Debug = "True"
		Release.AspNetCompiler.VirtualPath = "/localhost_65140"
		Release.AspNetCompiler.PhysicalPath = "ToDoWebClient\"
		Release.AspNetCompiler.TargetPath = "PrecompiledWeb\localhost_65140\"
		Release.AspNetCompiler.Updateable = "true"
		Release.AspNetCompiler.ForceOverwrite = "true"
		Release.AspNetCompiler.FixedNames = "false"
		Release.AspNetCompiler.Debug = "False"
		VWDPort = "65140"
		SlnRelativePath = "ToDoWebClient\"
	EndProjectSection
EndProject
Project("{9A19103F-16F7-4668-BE54-9A1E7A4F7556}") = "ToDoMobile", "ToDoMobile\ToDoMobile.csproj", "{295C441A-4576-4D72-9B60-29C19218867A}"
EndProject
Project("{FAE04EC0-301F-11D3-BF4B-00C04F79EFBC}") = "ToDoMobile.iOS", "ToDoMobile.iOS\ToDoMobile.iOS.csproj", "{F2D38898-9958-45A2-AF73-95B940109071}"
EndProject
Project("{FAE04EC0-301F-11D3-BF4B-00C04F79EFBC}") = "ToDoMobile.Android", "ToDoMobile.Android\ToDoMobile.Android.csproj", "{51589E99-35A8-4730-B65D-A62B50A47DC4}"
EndProject
Project("{FAE04EC0-301F-11D3-BF4B-00C04F79EFBC}") = "ToDoMobile.UWP", "ToDoMobile.UWP\ToDoMobile.UWP.csproj", "{7C82D16E-1668-4B58-BAA1-8DB4EF9F536B}"
EndProject
Project("{9A19103F-16F7-4668-BE54-9A1E7A4F7556}") = "ToDoRESTAccess", "ToDoRESTAccess\ToDoRESTAccess.csproj", "{0C0331D6-C312-4AED-8250-2A2AB7F9B744}"
EndProject
Project("{E24C65DC-7377-472B-9ABA-BC803B73C61A}") = "ToDoDocumentation", "ToDoDocumentation\", "{5015C637-97AC-41CA-8C43-02C2F8C9FFB7}"
	ProjectSection(WebsiteProperties) = preProject
		TargetFrameworkMoniker = ".NETFramework,Version%3Dv4.0"
		Debug.AspNetCompiler.VirtualPath = "/localhost_65317"
		Debug.AspNetCompiler.PhysicalPath = "ToDoDocumentation\"
		Debug.AspNetCompiler.TargetPath = "PrecompiledWeb\localhost_65317\"
		Debug.AspNetCompiler.Updateable = "true"
		Debug.AspNetCompiler.ForceOverwrite = "true"
		Debug.AspNetCompiler.FixedNames = "false"
		Debug.AspNetCompiler.Debug = "True"
		Release.AspNetCompiler.VirtualPath = "/localhost_65317"
		Release.AspNetCompiler.PhysicalPath = "ToDoDocumentation\"
		Release.AspNetCompiler.TargetPath = "PrecompiledWeb\localhost_65317\"
		Release.AspNetCompiler.Updateable = "true"
		Release.AspNetCompiler.ForceOverwrite = "true"
		Release.AspNetCompiler.FixedNames = "false"
		Release.AspNetCompiler.Debug = "False"
		VWDPort = "65317"
		SlnRelativePath = "ToDoDocumentation\"
	EndProjectSection
EndProject
Project("{FAE04EC0-301F-11D3-BF4B-00C04F79EFBC}") = "Silverdawn.Exceptions", "Silverdawn.Exceptions\Silverdawn.Exceptions.csproj", "{F78646D4-74DB-4934-A73E-1F68B9514451}"
EndProject
Global
	GlobalSection(SolutionConfigurationPlatforms) = preSolution
		Ad-Hoc|Any CPU = Ad-Hoc|Any CPU
		Ad-Hoc|ARM = Ad-Hoc|ARM
		Ad-Hoc|iPhone = Ad-Hoc|iPhone
		Ad-Hoc|iPhoneSimulator = Ad-Hoc|iPhoneSimulator
		Ad-Hoc|x64 = Ad-Hoc|x64
		Ad-Hoc|x86 = Ad-Hoc|x86
		AppStore|Any CPU = AppStore|Any CPU
		AppStore|ARM = AppStore|ARM
		AppStore|iPhone = AppStore|iPhone
		AppStore|iPhoneSimulator = AppStore|iPhoneSimulator
		AppStore|x64 = AppStore|x64
		AppStore|x86 = AppStore|x86
		Debug|Any CPU = Debug|Any CPU
		Debug|ARM = Debug|ARM
		Debug|iPhone = Debug|iPhone
		Debug|iPhoneSimulator = Debug|iPhoneSimulator
		Debug|x64 = Debug|x64
		Debug|x86 = Debug|x86
		Release|Any CPU = Release|Any CPU
		Release|ARM = Release|ARM
		Release|iPhone = Release|iPhone
		Release|iPhoneSimulator = Release|iPhoneSimulator
		Release|x64 = Release|x64
		Release|x86 = Release|x86
	EndGlobalSection
	GlobalSection(ProjectConfigurationPlatforms) = postSolution
		{C4CFF448-08F8-4537-AFCA-D1226E595033}.Ad-Hoc|Any CPU.ActiveCfg = Release|Any CPU
		{C4CFF448-08F8-4537-AFCA-D1226E595033}.Ad-Hoc|Any CPU.Build.0 = Release|Any CPU
		{C4CFF448-08F8-4537-AFCA-D1226E595033}.Ad-Hoc|ARM.ActiveCfg = Release|Any CPU
		{C4CFF448-08F8-4537-AFCA-D1226E595033}.Ad-Hoc|ARM.Build.0 = Release|Any CPU
		{C4CFF448-08F8-4537-AFCA-D1226E595033}.Ad-Hoc|iPhone.ActiveCfg = Release|Any CPU
		{C4CFF448-08F8-4537-AFCA-D1226E595033}.Ad-Hoc|iPhone.Build.0 = Release|Any CPU
		{C4CFF448-08F8-4537-AFCA-D1226E595033}.Ad-Hoc|iPhoneSimulator.ActiveCfg = Release|Any CPU
		{C4CFF448-08F8-4537-AFCA-D1226E595033}.Ad-Hoc|iPhoneSimulator.Build.0 = Release|Any CPU
		{C4CFF448-08F8-4537-AFCA-D1226E595033}.Ad-Hoc|x64.ActiveCfg = Release|Any CPU
		{C4CFF448-08F8-4537-AFCA-D1226E595033}.Ad-Hoc|x64.Build.0 = Release|Any CPU
		{C4CFF448-08F8-4537-AFCA-D1226E595033}.Ad-Hoc|x86.ActiveCfg = Release|Any CPU
		{C4CFF448-08F8-4537-AFCA-D1226E595033}.Ad-Hoc|x86.Build.0 = Release|Any CPU
		{C4CFF448-08F8-4537-AFCA-D1226E595033}.AppStore|Any CPU.ActiveCfg = Release|Any CPU
		{C4CFF448-08F8-4537-AFCA-D1226E595033}.AppStore|Any CPU.Build.0 = Release|Any CPU
		{C4CFF448-08F8-4537-AFCA-D1226E595033}.AppStore|ARM.ActiveCfg = Release|Any CPU
		{C4CFF448-08F8-4537-AFCA-D1226E595033}.AppStore|ARM.Build.0 = Release|Any CPU
		{C4CFF448-08F8-4537-AFCA-D1226E595033}.AppStore|iPhone.ActiveCfg = Release|Any CPU
		{C4CFF448-08F8-4537-AFCA-D1226E595033}.AppStore|iPhone.Build.0 = Release|Any CPU
		{C4CFF448-08F8-4537-AFCA-D1226E595033}.AppStore|iPhoneSimulator.ActiveCfg = Release|Any CPU
		{C4CFF448-08F8-4537-AFCA-D1226E595033}.AppStore|iPhoneSimulator.Build.0 = Release|Any CPU
		{C4CFF448-08F8-4537-AFCA-D1226E595033}.AppStore|x64.ActiveCfg = Release|Any CPU
		{C4CFF448-08F8-4537-AFCA-D1226E595033}.AppStore|x64.Build.0 = Release|Any CPU
		{C4CFF448-08F8-4537-AFCA-D1226E595033}.AppStore|x86.ActiveCfg = Release|Any CPU
		{C4CFF448-08F8-4537-AFCA-D1226E595033}.AppStore|x86.Build.0 = Release|Any CPU
		{C4CFF448-08F8-4537-AFCA-D1226E595033}.Debug|Any CPU.ActiveCfg = Debug|Any CPU
		{C4CFF448-08F8-4537-AFCA-D1226E595033}.Debug|Any CPU.Build.0 = Debug|Any CPU
		{C4CFF448-08F8-4537-AFCA-D1226E595033}.Debug|ARM.ActiveCfg = Debug|Any CPU
		{C4CFF448-08F8-4537-AFCA-D1226E595033}.Debug|ARM.Build.0 = Debug|Any CPU
		{C4CFF448-08F8-4537-AFCA-D1226E595033}.Debug|iPhone.ActiveCfg = Debug|Any CPU
		{C4CFF448-08F8-4537-AFCA-D1226E595033}.Debug|iPhone.Build.0 = Debug|Any CPU
		{C4CFF448-08F8-4537-AFCA-D1226E595033}.Debug|iPhoneSimulator.ActiveCfg = Debug|Any CPU
		{C4CFF448-08F8-4537-AFCA-D1226E595033}.Debug|iPhoneSimulator.Build.0 = Debug|Any CPU
		{C4CFF448-08F8-4537-AFCA-D1226E595033}.Debug|x64.ActiveCfg = Debug|Any CPU
		{C4CFF448-08F8-4537-AFCA-D1226E595033}.Debug|x64.Build.0 = Debug|Any CPU
		{C4CFF448-08F8-4537-AFCA-D1226E595033}.Debug|x86.ActiveCfg = Debug|Any CPU
		{C4CFF448-08F8-4537-AFCA-D1226E595033}.Debug|x86.Build.0 = Debug|Any CPU
		{C4CFF448-08F8-4537-AFCA-D1226E595033}.Release|Any CPU.ActiveCfg = Release|Any CPU
		{C4CFF448-08F8-4537-AFCA-D1226E595033}.Release|Any CPU.Build.0 = Release|Any CPU
		{C4CFF448-08F8-4537-AFCA-D1226E595033}.Release|ARM.ActiveCfg = Release|Any CPU
		{C4CFF448-08F8-4537-AFCA-D1226E595033}.Release|ARM.Build.0 = Release|Any CPU
		{C4CFF448-08F8-4537-AFCA-D1226E595033}.Release|iPhone.ActiveCfg = Release|Any CPU
		{C4CFF448-08F8-4537-AFCA-D1226E595033}.Release|iPhone.Build.0 = Release|Any CPU
		{C4CFF448-08F8-4537-AFCA-D1226E595033}.Release|iPhoneSimulator.ActiveCfg = Release|Any CPU
		{C4CFF448-08F8-4537-AFCA-D1226E595033}.Release|iPhoneSimulator.Build.0 = Release|Any CPU
		{C4CFF448-08F8-4537-AFCA-D1226E595033}.Release|x64.ActiveCfg = Release|Any CPU
		{C4CFF448-08F8-4537-AFCA-D1226E595033}.Release|x64.Build.0 = Release|Any CPU
		{C4CFF448-08F8-4537-AFCA-D1226E595033}.Release|x86.ActiveCfg = Release|Any CPU
		{C4CFF448-08F8-4537-AFCA-D1226E595033}.Release|x86.Build.0 = Release|Any CPU
		{EA7C2558-4F74-41ED-9B29-F64DA2E19F48}.Ad-Hoc|Any CPU.ActiveCfg = Release|Any CPU
		{EA7C2558-4F74-41ED-9B29-F64DA2E19F48}.Ad-Hoc|Any CPU.Build.0 = Release|Any CPU
		{EA7C2558-4F74-41ED-9B29-F64DA2E19F48}.Ad-Hoc|ARM.ActiveCfg = Release|Any CPU
		{EA7C2558-4F74-41ED-9B29-F64DA2E19F48}.Ad-Hoc|ARM.Build.0 = Release|Any CPU
		{EA7C2558-4F74-41ED-9B29-F64DA2E19F48}.Ad-Hoc|iPhone.ActiveCfg = Release|Any CPU
		{EA7C2558-4F74-41ED-9B29-F64DA2E19F48}.Ad-Hoc|iPhone.Build.0 = Release|Any CPU
		{EA7C2558-4F74-41ED-9B29-F64DA2E19F48}.Ad-Hoc|iPhoneSimulator.ActiveCfg = Release|Any CPU
		{EA7C2558-4F74-41ED-9B29-F64DA2E19F48}.Ad-Hoc|iPhoneSimulator.Build.0 = Release|Any CPU
		{EA7C2558-4F74-41ED-9B29-F64DA2E19F48}.Ad-Hoc|x64.ActiveCfg = Release|Any CPU
		{EA7C2558-4F74-41ED-9B29-F64DA2E19F48}.Ad-Hoc|x64.Build.0 = Release|Any CPU
		{EA7C2558-4F74-41ED-9B29-F64DA2E19F48}.Ad-Hoc|x86.ActiveCfg = Release|Any CPU
		{EA7C2558-4F74-41ED-9B29-F64DA2E19F48}.Ad-Hoc|x86.Build.0 = Release|Any CPU
		{EA7C2558-4F74-41ED-9B29-F64DA2E19F48}.AppStore|Any CPU.ActiveCfg = Release|Any CPU
		{EA7C2558-4F74-41ED-9B29-F64DA2E19F48}.AppStore|Any CPU.Build.0 = Release|Any CPU
		{EA7C2558-4F74-41ED-9B29-F64DA2E19F48}.AppStore|ARM.ActiveCfg = Release|Any CPU
		{EA7C2558-4F74-41ED-9B29-F64DA2E19F48}.AppStore|ARM.Build.0 = Release|Any CPU
		{EA7C2558-4F74-41ED-9B29-F64DA2E19F48}.AppStore|iPhone.ActiveCfg = Release|Any CPU
		{EA7C2558-4F74-41ED-9B29-F64DA2E19F48}.AppStore|iPhone.Build.0 = Release|Any CPU
		{EA7C2558-4F74-41ED-9B29-F64DA2E19F48}.AppStore|iPhoneSimulator.ActiveCfg = Release|Any CPU
		{EA7C2558-4F74-41ED-9B29-F64DA2E19F48}.AppStore|iPhoneSimulator.Build.0 = Release|Any CPU
		{EA7C2558-4F74-41ED-9B29-F64DA2E19F48}.AppStore|x64.ActiveCfg = Release|Any CPU
		{EA7C2558-4F74-41ED-9B29-F64DA2E19F48}.AppStore|x64.Build.0 = Release|Any CPU
		{EA7C2558-4F74-41ED-9B29-F64DA2E19F48}.AppStore|x86.ActiveCfg = Release|Any CPU
		{EA7C2558-4F74-41ED-9B29-F64DA2E19F48}.AppStore|x86.Build.0 = Release|Any CPU
		{EA7C2558-4F74-41ED-9B29-F64DA2E19F48}.Debug|Any CPU.ActiveCfg = Debug|Any CPU
		{EA7C2558-4F74-41ED-9B29-F64DA2E19F48}.Debug|Any CPU.Build.0 = Debug|Any CPU
		{EA7C2558-4F74-41ED-9B29-F64DA2E19F48}.Debug|ARM.ActiveCfg = Debug|Any CPU
		{EA7C2558-4F74-41ED-9B29-F64DA2E19F48}.Debug|ARM.Build.0 = Debug|Any CPU
		{EA7C2558-4F74-41ED-9B29-F64DA2E19F48}.Debug|iPhone.ActiveCfg = Debug|Any CPU
		{EA7C2558-4F74-41ED-9B29-F64DA2E19F48}.Debug|iPhone.Build.0 = Debug|Any CPU
		{EA7C2558-4F74-41ED-9B29-F64DA2E19F48}.Debug|iPhoneSimulator.ActiveCfg = Debug|Any CPU
		{EA7C2558-4F74-41ED-9B29-F64DA2E19F48}.Debug|iPhoneSimulator.Build.0 = Debug|Any CPU
		{EA7C2558-4F74-41ED-9B29-F64DA2E19F48}.Debug|x64.ActiveCfg = Debug|Any CPU
		{EA7C2558-4F74-41ED-9B29-F64DA2E19F48}.Debug|x64.Build.0 = Debug|Any CPU
		{EA7C2558-4F74-41ED-9B29-F64DA2E19F48}.Debug|x86.ActiveCfg = Debug|Any CPU
		{EA7C2558-4F74-41ED-9B29-F64DA2E19F48}.Debug|x86.Build.0 = Debug|Any CPU
		{EA7C2558-4F74-41ED-9B29-F64DA2E19F48}.Release|Any CPU.ActiveCfg = Release|Any CPU
		{EA7C2558-4F74-41ED-9B29-F64DA2E19F48}.Release|Any CPU.Build.0 = Release|Any CPU
		{EA7C2558-4F74-41ED-9B29-F64DA2E19F48}.Release|ARM.ActiveCfg = Release|Any CPU
		{EA7C2558-4F74-41ED-9B29-F64DA2E19F48}.Release|ARM.Build.0 = Release|Any CPU
		{EA7C2558-4F74-41ED-9B29-F64DA2E19F48}.Release|iPhone.ActiveCfg = Release|Any CPU
		{EA7C2558-4F74-41ED-9B29-F64DA2E19F48}.Release|iPhone.Build.0 = Release|Any CPU
		{EA7C2558-4F74-41ED-9B29-F64DA2E19F48}.Release|iPhoneSimulator.ActiveCfg = Release|Any CPU
		{EA7C2558-4F74-41ED-9B29-F64DA2E19F48}.Release|iPhoneSimulator.Build.0 = Release|Any CPU
		{EA7C2558-4F74-41ED-9B29-F64DA2E19F48}.Release|x64.ActiveCfg = Release|Any CPU
		{EA7C2558-4F74-41ED-9B29-F64DA2E19F48}.Release|x64.Build.0 = Release|Any CPU
		{EA7C2558-4F74-41ED-9B29-F64DA2E19F48}.Release|x86.ActiveCfg = Release|Any CPU
		{EA7C2558-4F74-41ED-9B29-F64DA2E19F48}.Release|x86.Build.0 = Release|Any CPU
		{B2CDBC06-FE4C-4643-AB76-F38D117778B9}.Ad-Hoc|Any CPU.ActiveCfg = Debug|Any CPU
		{B2CDBC06-FE4C-4643-AB76-F38D117778B9}.Ad-Hoc|Any CPU.Build.0 = Debug|Any CPU
		{B2CDBC06-FE4C-4643-AB76-F38D117778B9}.Ad-Hoc|ARM.ActiveCfg = Debug|Any CPU
		{B2CDBC06-FE4C-4643-AB76-F38D117778B9}.Ad-Hoc|ARM.Build.0 = Debug|Any CPU
		{B2CDBC06-FE4C-4643-AB76-F38D117778B9}.Ad-Hoc|iPhone.ActiveCfg = Debug|Any CPU
		{B2CDBC06-FE4C-4643-AB76-F38D117778B9}.Ad-Hoc|iPhone.Build.0 = Debug|Any CPU
		{B2CDBC06-FE4C-4643-AB76-F38D117778B9}.Ad-Hoc|iPhoneSimulator.ActiveCfg = Debug|Any CPU
		{B2CDBC06-FE4C-4643-AB76-F38D117778B9}.Ad-Hoc|iPhoneSimulator.Build.0 = Debug|Any CPU
		{B2CDBC06-FE4C-4643-AB76-F38D117778B9}.Ad-Hoc|x64.ActiveCfg = Debug|Any CPU
		{B2CDBC06-FE4C-4643-AB76-F38D117778B9}.Ad-Hoc|x64.Build.0 = Debug|Any CPU
		{B2CDBC06-FE4C-4643-AB76-F38D117778B9}.Ad-Hoc|x86.ActiveCfg = Debug|Any CPU
		{B2CDBC06-FE4C-4643-AB76-F38D117778B9}.Ad-Hoc|x86.Build.0 = Debug|Any CPU
		{B2CDBC06-FE4C-4643-AB76-F38D117778B9}.AppStore|Any CPU.ActiveCfg = Debug|Any CPU
		{B2CDBC06-FE4C-4643-AB76-F38D117778B9}.AppStore|Any CPU.Build.0 = Debug|Any CPU
		{B2CDBC06-FE4C-4643-AB76-F38D117778B9}.AppStore|ARM.ActiveCfg = Debug|Any CPU
		{B2CDBC06-FE4C-4643-AB76-F38D117778B9}.AppStore|ARM.Build.0 = Debug|Any CPU
		{B2CDBC06-FE4C-4643-AB76-F38D117778B9}.AppStore|iPhone.ActiveCfg = Debug|Any CPU
		{B2CDBC06-FE4C-4643-AB76-F38D117778B9}.AppStore|iPhone.Build.0 = Debug|Any CPU
		{B2CDBC06-FE4C-4643-AB76-F38D117778B9}.AppStore|iPhoneSimulator.ActiveCfg = Debug|Any CPU
		{B2CDBC06-FE4C-4643-AB76-F38D117778B9}.AppStore|iPhoneSimulator.Build.0 = Debug|Any CPU
		{B2CDBC06-FE4C-4643-AB76-F38D117778B9}.AppStore|x64.ActiveCfg = Debug|Any CPU
		{B2CDBC06-FE4C-4643-AB76-F38D117778B9}.AppStore|x64.Build.0 = Debug|Any CPU
		{B2CDBC06-FE4C-4643-AB76-F38D117778B9}.AppStore|x86.ActiveCfg = Debug|Any CPU
		{B2CDBC06-FE4C-4643-AB76-F38D117778B9}.AppStore|x86.Build.0 = Debug|Any CPU
		{B2CDBC06-FE4C-4643-AB76-F38D117778B9}.Debug|Any CPU.ActiveCfg = Debug|Any CPU
		{B2CDBC06-FE4C-4643-AB76-F38D117778B9}.Debug|Any CPU.Build.0 = Debug|Any CPU
		{B2CDBC06-FE4C-4643-AB76-F38D117778B9}.Debug|ARM.ActiveCfg = Debug|Any CPU
		{B2CDBC06-FE4C-4643-AB76-F38D117778B9}.Debug|ARM.Build.0 = Debug|Any CPU
		{B2CDBC06-FE4C-4643-AB76-F38D117778B9}.Debug|iPhone.ActiveCfg = Debug|Any CPU
		{B2CDBC06-FE4C-4643-AB76-F38D117778B9}.Debug|iPhone.Build.0 = Debug|Any CPU
		{B2CDBC06-FE4C-4643-AB76-F38D117778B9}.Debug|iPhoneSimulator.ActiveCfg = Debug|Any CPU
		{B2CDBC06-FE4C-4643-AB76-F38D117778B9}.Debug|iPhoneSimulator.Build.0 = Debug|Any CPU
		{B2CDBC06-FE4C-4643-AB76-F38D117778B9}.Debug|x64.ActiveCfg = Debug|Any CPU
		{B2CDBC06-FE4C-4643-AB76-F38D117778B9}.Debug|x64.Build.0 = Debug|Any CPU
		{B2CDBC06-FE4C-4643-AB76-F38D117778B9}.Debug|x86.ActiveCfg = Debug|Any CPU
		{B2CDBC06-FE4C-4643-AB76-F38D117778B9}.Debug|x86.Build.0 = Debug|Any CPU
		{B2CDBC06-FE4C-4643-AB76-F38D117778B9}.Release|Any CPU.ActiveCfg = Debug|Any CPU
		{B2CDBC06-FE4C-4643-AB76-F38D117778B9}.Release|Any CPU.Build.0 = Debug|Any CPU
		{B2CDBC06-FE4C-4643-AB76-F38D117778B9}.Release|ARM.ActiveCfg = Debug|Any CPU
		{B2CDBC06-FE4C-4643-AB76-F38D117778B9}.Release|ARM.Build.0 = Debug|Any CPU
		{B2CDBC06-FE4C-4643-AB76-F38D117778B9}.Release|iPhone.ActiveCfg = Debug|Any CPU
		{B2CDBC06-FE4C-4643-AB76-F38D117778B9}.Release|iPhone.Build.0 = Debug|Any CPU
		{B2CDBC06-FE4C-4643-AB76-F38D117778B9}.Release|iPhoneSimulator.ActiveCfg = Debug|Any CPU
		{B2CDBC06-FE4C-4643-AB76-F38D117778B9}.Release|iPhoneSimulator.Build.0 = Debug|Any CPU
		{B2CDBC06-FE4C-4643-AB76-F38D117778B9}.Release|x64.ActiveCfg = Debug|Any CPU
		{B2CDBC06-FE4C-4643-AB76-F38D117778B9}.Release|x64.Build.0 = Debug|Any CPU
		{B2CDBC06-FE4C-4643-AB76-F38D117778B9}.Release|x86.ActiveCfg = Debug|Any CPU
		{B2CDBC06-FE4C-4643-AB76-F38D117778B9}.Release|x86.Build.0 = Debug|Any CPU
		{295C441A-4576-4D72-9B60-29C19218867A}.Ad-Hoc|Any CPU.ActiveCfg = Debug|Any CPU
		{295C441A-4576-4D72-9B60-29C19218867A}.Ad-Hoc|Any CPU.Build.0 = Debug|Any CPU
		{295C441A-4576-4D72-9B60-29C19218867A}.Ad-Hoc|ARM.ActiveCfg = Debug|Any CPU
		{295C441A-4576-4D72-9B60-29C19218867A}.Ad-Hoc|ARM.Build.0 = Debug|Any CPU
		{295C441A-4576-4D72-9B60-29C19218867A}.Ad-Hoc|iPhone.ActiveCfg = Debug|Any CPU
		{295C441A-4576-4D72-9B60-29C19218867A}.Ad-Hoc|iPhone.Build.0 = Debug|Any CPU
		{295C441A-4576-4D72-9B60-29C19218867A}.Ad-Hoc|iPhoneSimulator.ActiveCfg = Debug|Any CPU
		{295C441A-4576-4D72-9B60-29C19218867A}.Ad-Hoc|iPhoneSimulator.Build.0 = Debug|Any CPU
		{295C441A-4576-4D72-9B60-29C19218867A}.Ad-Hoc|x64.ActiveCfg = Debug|Any CPU
		{295C441A-4576-4D72-9B60-29C19218867A}.Ad-Hoc|x64.Build.0 = Debug|Any CPU
		{295C441A-4576-4D72-9B60-29C19218867A}.Ad-Hoc|x86.ActiveCfg = Debug|Any CPU
		{295C441A-4576-4D72-9B60-29C19218867A}.Ad-Hoc|x86.Build.0 = Debug|Any CPU
		{295C441A-4576-4D72-9B60-29C19218867A}.AppStore|Any CPU.ActiveCfg = Debug|Any CPU
		{295C441A-4576-4D72-9B60-29C19218867A}.AppStore|Any CPU.Build.0 = Debug|Any CPU
		{295C441A-4576-4D72-9B60-29C19218867A}.AppStore|ARM.ActiveCfg = Debug|Any CPU
		{295C441A-4576-4D72-9B60-29C19218867A}.AppStore|ARM.Build.0 = Debug|Any CPU
		{295C441A-4576-4D72-9B60-29C19218867A}.AppStore|iPhone.ActiveCfg = Debug|Any CPU
		{295C441A-4576-4D72-9B60-29C19218867A}.AppStore|iPhone.Build.0 = Debug|Any CPU
		{295C441A-4576-4D72-9B60-29C19218867A}.AppStore|iPhoneSimulator.ActiveCfg = Debug|Any CPU
		{295C441A-4576-4D72-9B60-29C19218867A}.AppStore|iPhoneSimulator.Build.0 = Debug|Any CPU
		{295C441A-4576-4D72-9B60-29C19218867A}.AppStore|x64.ActiveCfg = Debug|Any CPU
		{295C441A-4576-4D72-9B60-29C19218867A}.AppStore|x64.Build.0 = Debug|Any CPU
		{295C441A-4576-4D72-9B60-29C19218867A}.AppStore|x86.ActiveCfg = Debug|Any CPU
		{295C441A-4576-4D72-9B60-29C19218867A}.AppStore|x86.Build.0 = Debug|Any CPU
		{295C441A-4576-4D72-9B60-29C19218867A}.Debug|Any CPU.ActiveCfg = Debug|Any CPU
		{295C441A-4576-4D72-9B60-29C19218867A}.Debug|Any CPU.Build.0 = Debug|Any CPU
		{295C441A-4576-4D72-9B60-29C19218867A}.Debug|ARM.ActiveCfg = Debug|Any CPU
		{295C441A-4576-4D72-9B60-29C19218867A}.Debug|ARM.Build.0 = Debug|Any CPU
		{295C441A-4576-4D72-9B60-29C19218867A}.Debug|iPhone.ActiveCfg = Debug|Any CPU
		{295C441A-4576-4D72-9B60-29C19218867A}.Debug|iPhone.Build.0 = Debug|Any CPU
		{295C441A-4576-4D72-9B60-29C19218867A}.Debug|iPhoneSimulator.ActiveCfg = Debug|Any CPU
		{295C441A-4576-4D72-9B60-29C19218867A}.Debug|iPhoneSimulator.Build.0 = Debug|Any CPU
		{295C441A-4576-4D72-9B60-29C19218867A}.Debug|x64.ActiveCfg = Debug|Any CPU
		{295C441A-4576-4D72-9B60-29C19218867A}.Debug|x64.Build.0 = Debug|Any CPU
		{295C441A-4576-4D72-9B60-29C19218867A}.Debug|x86.ActiveCfg = Debug|Any CPU
		{295C441A-4576-4D72-9B60-29C19218867A}.Debug|x86.Build.0 = Debug|Any CPU
		{295C441A-4576-4D72-9B60-29C19218867A}.Release|Any CPU.ActiveCfg = Release|Any CPU
		{295C441A-4576-4D72-9B60-29C19218867A}.Release|Any CPU.Build.0 = Release|Any CPU
		{295C441A-4576-4D72-9B60-29C19218867A}.Release|ARM.ActiveCfg = Release|Any CPU
		{295C441A-4576-4D72-9B60-29C19218867A}.Release|ARM.Build.0 = Release|Any CPU
		{295C441A-4576-4D72-9B60-29C19218867A}.Release|iPhone.ActiveCfg = Release|Any CPU
		{295C441A-4576-4D72-9B60-29C19218867A}.Release|iPhone.Build.0 = Release|Any CPU
		{295C441A-4576-4D72-9B60-29C19218867A}.Release|iPhoneSimulator.ActiveCfg = Release|Any CPU
		{295C441A-4576-4D72-9B60-29C19218867A}.Release|iPhoneSimulator.Build.0 = Release|Any CPU
		{295C441A-4576-4D72-9B60-29C19218867A}.Release|x64.ActiveCfg = Release|Any CPU
		{295C441A-4576-4D72-9B60-29C19218867A}.Release|x64.Build.0 = Release|Any CPU
		{295C441A-4576-4D72-9B60-29C19218867A}.Release|x86.ActiveCfg = Release|Any CPU
		{295C441A-4576-4D72-9B60-29C19218867A}.Release|x86.Build.0 = Release|Any CPU
		{F2D38898-9958-45A2-AF73-95B940109071}.Ad-Hoc|Any CPU.ActiveCfg = Ad-Hoc|iPhone
		{F2D38898-9958-45A2-AF73-95B940109071}.Ad-Hoc|ARM.ActiveCfg = Ad-Hoc|iPhone
		{F2D38898-9958-45A2-AF73-95B940109071}.Ad-Hoc|iPhone.ActiveCfg = Ad-Hoc|iPhone
		{F2D38898-9958-45A2-AF73-95B940109071}.Ad-Hoc|iPhone.Build.0 = Ad-Hoc|iPhone
		{F2D38898-9958-45A2-AF73-95B940109071}.Ad-Hoc|iPhoneSimulator.ActiveCfg = Ad-Hoc|iPhoneSimulator
		{F2D38898-9958-45A2-AF73-95B940109071}.Ad-Hoc|iPhoneSimulator.Build.0 = Ad-Hoc|iPhoneSimulator
		{F2D38898-9958-45A2-AF73-95B940109071}.Ad-Hoc|x64.ActiveCfg = Ad-Hoc|iPhone
		{F2D38898-9958-45A2-AF73-95B940109071}.Ad-Hoc|x86.ActiveCfg = Ad-Hoc|iPhone
		{F2D38898-9958-45A2-AF73-95B940109071}.AppStore|Any CPU.ActiveCfg = AppStore|iPhone
		{F2D38898-9958-45A2-AF73-95B940109071}.AppStore|ARM.ActiveCfg = AppStore|iPhone
		{F2D38898-9958-45A2-AF73-95B940109071}.AppStore|iPhone.ActiveCfg = AppStore|iPhone
		{F2D38898-9958-45A2-AF73-95B940109071}.AppStore|iPhone.Build.0 = AppStore|iPhone
		{F2D38898-9958-45A2-AF73-95B940109071}.AppStore|iPhoneSimulator.ActiveCfg = AppStore|iPhoneSimulator
		{F2D38898-9958-45A2-AF73-95B940109071}.AppStore|iPhoneSimulator.Build.0 = AppStore|iPhoneSimulator
		{F2D38898-9958-45A2-AF73-95B940109071}.AppStore|x64.ActiveCfg = AppStore|iPhone
		{F2D38898-9958-45A2-AF73-95B940109071}.AppStore|x86.ActiveCfg = AppStore|iPhone
		{F2D38898-9958-45A2-AF73-95B940109071}.Debug|Any CPU.ActiveCfg = Debug|iPhone
		{F2D38898-9958-45A2-AF73-95B940109071}.Debug|ARM.ActiveCfg = Debug|iPhone
		{F2D38898-9958-45A2-AF73-95B940109071}.Debug|iPhone.ActiveCfg = Debug|iPhone
		{F2D38898-9958-45A2-AF73-95B940109071}.Debug|iPhone.Build.0 = Debug|iPhone
		{F2D38898-9958-45A2-AF73-95B940109071}.Debug|iPhoneSimulator.ActiveCfg = Debug|iPhoneSimulator
		{F2D38898-9958-45A2-AF73-95B940109071}.Debug|iPhoneSimulator.Build.0 = Debug|iPhoneSimulator
		{F2D38898-9958-45A2-AF73-95B940109071}.Debug|x64.ActiveCfg = Debug|iPhone
		{F2D38898-9958-45A2-AF73-95B940109071}.Debug|x86.ActiveCfg = Debug|iPhone
		{F2D38898-9958-45A2-AF73-95B940109071}.Release|Any CPU.ActiveCfg = Release|iPhone
		{F2D38898-9958-45A2-AF73-95B940109071}.Release|ARM.ActiveCfg = Release|iPhone
		{F2D38898-9958-45A2-AF73-95B940109071}.Release|iPhone.ActiveCfg = Release|iPhone
		{F2D38898-9958-45A2-AF73-95B940109071}.Release|iPhone.Build.0 = Release|iPhone
		{F2D38898-9958-45A2-AF73-95B940109071}.Release|iPhoneSimulator.ActiveCfg = Release|iPhoneSimulator
		{F2D38898-9958-45A2-AF73-95B940109071}.Release|iPhoneSimulator.Build.0 = Release|iPhoneSimulator
		{F2D38898-9958-45A2-AF73-95B940109071}.Release|x64.ActiveCfg = Release|iPhone
		{F2D38898-9958-45A2-AF73-95B940109071}.Release|x86.ActiveCfg = Release|iPhone
		{51589E99-35A8-4730-B65D-A62B50A47DC4}.Ad-Hoc|Any CPU.ActiveCfg = Release|Any CPU
		{51589E99-35A8-4730-B65D-A62B50A47DC4}.Ad-Hoc|Any CPU.Build.0 = Release|Any CPU
		{51589E99-35A8-4730-B65D-A62B50A47DC4}.Ad-Hoc|Any CPU.Deploy.0 = Release|Any CPU
		{51589E99-35A8-4730-B65D-A62B50A47DC4}.Ad-Hoc|ARM.ActiveCfg = Release|Any CPU
		{51589E99-35A8-4730-B65D-A62B50A47DC4}.Ad-Hoc|ARM.Build.0 = Release|Any CPU
		{51589E99-35A8-4730-B65D-A62B50A47DC4}.Ad-Hoc|ARM.Deploy.0 = Release|Any CPU
		{51589E99-35A8-4730-B65D-A62B50A47DC4}.Ad-Hoc|iPhone.ActiveCfg = Release|Any CPU
		{51589E99-35A8-4730-B65D-A62B50A47DC4}.Ad-Hoc|iPhone.Build.0 = Release|Any CPU
		{51589E99-35A8-4730-B65D-A62B50A47DC4}.Ad-Hoc|iPhone.Deploy.0 = Release|Any CPU
		{51589E99-35A8-4730-B65D-A62B50A47DC4}.Ad-Hoc|iPhoneSimulator.ActiveCfg = Release|Any CPU
		{51589E99-35A8-4730-B65D-A62B50A47DC4}.Ad-Hoc|iPhoneSimulator.Build.0 = Release|Any CPU
		{51589E99-35A8-4730-B65D-A62B50A47DC4}.Ad-Hoc|iPhoneSimulator.Deploy.0 = Release|Any CPU
		{51589E99-35A8-4730-B65D-A62B50A47DC4}.Ad-Hoc|x64.ActiveCfg = Release|Any CPU
		{51589E99-35A8-4730-B65D-A62B50A47DC4}.Ad-Hoc|x64.Build.0 = Release|Any CPU
		{51589E99-35A8-4730-B65D-A62B50A47DC4}.Ad-Hoc|x64.Deploy.0 = Release|Any CPU
		{51589E99-35A8-4730-B65D-A62B50A47DC4}.Ad-Hoc|x86.ActiveCfg = Release|Any CPU
		{51589E99-35A8-4730-B65D-A62B50A47DC4}.Ad-Hoc|x86.Build.0 = Release|Any CPU
		{51589E99-35A8-4730-B65D-A62B50A47DC4}.Ad-Hoc|x86.Deploy.0 = Release|Any CPU
		{51589E99-35A8-4730-B65D-A62B50A47DC4}.AppStore|Any CPU.ActiveCfg = Release|Any CPU
		{51589E99-35A8-4730-B65D-A62B50A47DC4}.AppStore|Any CPU.Build.0 = Release|Any CPU
		{51589E99-35A8-4730-B65D-A62B50A47DC4}.AppStore|Any CPU.Deploy.0 = Release|Any CPU
		{51589E99-35A8-4730-B65D-A62B50A47DC4}.AppStore|ARM.ActiveCfg = Release|Any CPU
		{51589E99-35A8-4730-B65D-A62B50A47DC4}.AppStore|ARM.Build.0 = Release|Any CPU
		{51589E99-35A8-4730-B65D-A62B50A47DC4}.AppStore|ARM.Deploy.0 = Release|Any CPU
		{51589E99-35A8-4730-B65D-A62B50A47DC4}.AppStore|iPhone.ActiveCfg = Release|Any CPU
		{51589E99-35A8-4730-B65D-A62B50A47DC4}.AppStore|iPhone.Build.0 = Release|Any CPU
		{51589E99-35A8-4730-B65D-A62B50A47DC4}.AppStore|iPhone.Deploy.0 = Release|Any CPU
		{51589E99-35A8-4730-B65D-A62B50A47DC4}.AppStore|iPhoneSimulator.ActiveCfg = Release|Any CPU
		{51589E99-35A8-4730-B65D-A62B50A47DC4}.AppStore|iPhoneSimulator.Build.0 = Release|Any CPU
		{51589E99-35A8-4730-B65D-A62B50A47DC4}.AppStore|iPhoneSimulator.Deploy.0 = Release|Any CPU
		{51589E99-35A8-4730-B65D-A62B50A47DC4}.AppStore|x64.ActiveCfg = Release|Any CPU
		{51589E99-35A8-4730-B65D-A62B50A47DC4}.AppStore|x64.Build.0 = Release|Any CPU
		{51589E99-35A8-4730-B65D-A62B50A47DC4}.AppStore|x64.Deploy.0 = Release|Any CPU
		{51589E99-35A8-4730-B65D-A62B50A47DC4}.AppStore|x86.ActiveCfg = Release|Any CPU
		{51589E99-35A8-4730-B65D-A62B50A47DC4}.AppStore|x86.Build.0 = Release|Any CPU
		{51589E99-35A8-4730-B65D-A62B50A47DC4}.AppStore|x86.Deploy.0 = Release|Any CPU
		{51589E99-35A8-4730-B65D-A62B50A47DC4}.Debug|Any CPU.ActiveCfg = Debug|Any CPU
		{51589E99-35A8-4730-B65D-A62B50A47DC4}.Debug|Any CPU.Build.0 = Debug|Any CPU
		{51589E99-35A8-4730-B65D-A62B50A47DC4}.Debug|Any CPU.Deploy.0 = Debug|Any CPU
		{51589E99-35A8-4730-B65D-A62B50A47DC4}.Debug|ARM.ActiveCfg = Debug|Any CPU
		{51589E99-35A8-4730-B65D-A62B50A47DC4}.Debug|ARM.Build.0 = Debug|Any CPU
		{51589E99-35A8-4730-B65D-A62B50A47DC4}.Debug|ARM.Deploy.0 = Debug|Any CPU
		{51589E99-35A8-4730-B65D-A62B50A47DC4}.Debug|iPhone.ActiveCfg = Debug|Any CPU
		{51589E99-35A8-4730-B65D-A62B50A47DC4}.Debug|iPhone.Build.0 = Debug|Any CPU
		{51589E99-35A8-4730-B65D-A62B50A47DC4}.Debug|iPhone.Deploy.0 = Debug|Any CPU
		{51589E99-35A8-4730-B65D-A62B50A47DC4}.Debug|iPhoneSimulator.ActiveCfg = Debug|Any CPU
		{51589E99-35A8-4730-B65D-A62B50A47DC4}.Debug|iPhoneSimulator.Build.0 = Debug|Any CPU
		{51589E99-35A8-4730-B65D-A62B50A47DC4}.Debug|iPhoneSimulator.Deploy.0 = Debug|Any CPU
		{51589E99-35A8-4730-B65D-A62B50A47DC4}.Debug|x64.ActiveCfg = Debug|Any CPU
		{51589E99-35A8-4730-B65D-A62B50A47DC4}.Debug|x64.Build.0 = Debug|Any CPU
		{51589E99-35A8-4730-B65D-A62B50A47DC4}.Debug|x64.Deploy.0 = Debug|Any CPU
		{51589E99-35A8-4730-B65D-A62B50A47DC4}.Debug|x86.ActiveCfg = Debug|Any CPU
		{51589E99-35A8-4730-B65D-A62B50A47DC4}.Debug|x86.Build.0 = Debug|Any CPU
		{51589E99-35A8-4730-B65D-A62B50A47DC4}.Debug|x86.Deploy.0 = Debug|Any CPU
		{51589E99-35A8-4730-B65D-A62B50A47DC4}.Release|Any CPU.ActiveCfg = Release|Any CPU
		{51589E99-35A8-4730-B65D-A62B50A47DC4}.Release|Any CPU.Build.0 = Release|Any CPU
		{51589E99-35A8-4730-B65D-A62B50A47DC4}.Release|Any CPU.Deploy.0 = Release|Any CPU
		{51589E99-35A8-4730-B65D-A62B50A47DC4}.Release|ARM.ActiveCfg = Release|Any CPU
		{51589E99-35A8-4730-B65D-A62B50A47DC4}.Release|ARM.Build.0 = Release|Any CPU
		{51589E99-35A8-4730-B65D-A62B50A47DC4}.Release|ARM.Deploy.0 = Release|Any CPU
		{51589E99-35A8-4730-B65D-A62B50A47DC4}.Release|iPhone.ActiveCfg = Release|Any CPU
		{51589E99-35A8-4730-B65D-A62B50A47DC4}.Release|iPhone.Build.0 = Release|Any CPU
		{51589E99-35A8-4730-B65D-A62B50A47DC4}.Release|iPhone.Deploy.0 = Release|Any CPU
		{51589E99-35A8-4730-B65D-A62B50A47DC4}.Release|iPhoneSimulator.ActiveCfg = Release|Any CPU
		{51589E99-35A8-4730-B65D-A62B50A47DC4}.Release|iPhoneSimulator.Build.0 = Release|Any CPU
		{51589E99-35A8-4730-B65D-A62B50A47DC4}.Release|iPhoneSimulator.Deploy.0 = Release|Any CPU
		{51589E99-35A8-4730-B65D-A62B50A47DC4}.Release|x64.ActiveCfg = Release|Any CPU
		{51589E99-35A8-4730-B65D-A62B50A47DC4}.Release|x64.Build.0 = Release|Any CPU
		{51589E99-35A8-4730-B65D-A62B50A47DC4}.Release|x64.Deploy.0 = Release|Any CPU
		{51589E99-35A8-4730-B65D-A62B50A47DC4}.Release|x86.ActiveCfg = Release|Any CPU
		{51589E99-35A8-4730-B65D-A62B50A47DC4}.Release|x86.Build.0 = Release|Any CPU
		{51589E99-35A8-4730-B65D-A62B50A47DC4}.Release|x86.Deploy.0 = Release|Any CPU
		{7C82D16E-1668-4B58-BAA1-8DB4EF9F536B}.Ad-Hoc|Any CPU.ActiveCfg = Release|x86
		{7C82D16E-1668-4B58-BAA1-8DB4EF9F536B}.Ad-Hoc|Any CPU.Build.0 = Release|x86
		{7C82D16E-1668-4B58-BAA1-8DB4EF9F536B}.Ad-Hoc|Any CPU.Deploy.0 = Release|x86
		{7C82D16E-1668-4B58-BAA1-8DB4EF9F536B}.Ad-Hoc|ARM.ActiveCfg = Release|ARM
		{7C82D16E-1668-4B58-BAA1-8DB4EF9F536B}.Ad-Hoc|ARM.Build.0 = Release|ARM
		{7C82D16E-1668-4B58-BAA1-8DB4EF9F536B}.Ad-Hoc|ARM.Deploy.0 = Release|ARM
		{7C82D16E-1668-4B58-BAA1-8DB4EF9F536B}.Ad-Hoc|iPhone.ActiveCfg = Release|x86
		{7C82D16E-1668-4B58-BAA1-8DB4EF9F536B}.Ad-Hoc|iPhone.Build.0 = Release|x86
		{7C82D16E-1668-4B58-BAA1-8DB4EF9F536B}.Ad-Hoc|iPhone.Deploy.0 = Release|x86
		{7C82D16E-1668-4B58-BAA1-8DB4EF9F536B}.Ad-Hoc|iPhoneSimulator.ActiveCfg = Release|x86
		{7C82D16E-1668-4B58-BAA1-8DB4EF9F536B}.Ad-Hoc|iPhoneSimulator.Build.0 = Release|x86
		{7C82D16E-1668-4B58-BAA1-8DB4EF9F536B}.Ad-Hoc|iPhoneSimulator.Deploy.0 = Release|x86
		{7C82D16E-1668-4B58-BAA1-8DB4EF9F536B}.Ad-Hoc|x64.ActiveCfg = Release|x64
		{7C82D16E-1668-4B58-BAA1-8DB4EF9F536B}.Ad-Hoc|x64.Build.0 = Release|x64
		{7C82D16E-1668-4B58-BAA1-8DB4EF9F536B}.Ad-Hoc|x64.Deploy.0 = Release|x64
		{7C82D16E-1668-4B58-BAA1-8DB4EF9F536B}.Ad-Hoc|x86.ActiveCfg = Release|x86
		{7C82D16E-1668-4B58-BAA1-8DB4EF9F536B}.Ad-Hoc|x86.Build.0 = Release|x86
		{7C82D16E-1668-4B58-BAA1-8DB4EF9F536B}.Ad-Hoc|x86.Deploy.0 = Release|x86
		{7C82D16E-1668-4B58-BAA1-8DB4EF9F536B}.AppStore|Any CPU.ActiveCfg = Release|x86
		{7C82D16E-1668-4B58-BAA1-8DB4EF9F536B}.AppStore|Any CPU.Build.0 = Release|x86
		{7C82D16E-1668-4B58-BAA1-8DB4EF9F536B}.AppStore|Any CPU.Deploy.0 = Release|x86
		{7C82D16E-1668-4B58-BAA1-8DB4EF9F536B}.AppStore|ARM.ActiveCfg = Release|ARM
		{7C82D16E-1668-4B58-BAA1-8DB4EF9F536B}.AppStore|ARM.Build.0 = Release|ARM
		{7C82D16E-1668-4B58-BAA1-8DB4EF9F536B}.AppStore|ARM.Deploy.0 = Release|ARM
		{7C82D16E-1668-4B58-BAA1-8DB4EF9F536B}.AppStore|iPhone.ActiveCfg = Release|x86
		{7C82D16E-1668-4B58-BAA1-8DB4EF9F536B}.AppStore|iPhone.Build.0 = Release|x86
		{7C82D16E-1668-4B58-BAA1-8DB4EF9F536B}.AppStore|iPhone.Deploy.0 = Release|x86
		{7C82D16E-1668-4B58-BAA1-8DB4EF9F536B}.AppStore|iPhoneSimulator.ActiveCfg = Release|x86
		{7C82D16E-1668-4B58-BAA1-8DB4EF9F536B}.AppStore|iPhoneSimulator.Build.0 = Release|x86
		{7C82D16E-1668-4B58-BAA1-8DB4EF9F536B}.AppStore|iPhoneSimulator.Deploy.0 = Release|x86
		{7C82D16E-1668-4B58-BAA1-8DB4EF9F536B}.AppStore|x64.ActiveCfg = Release|x64
		{7C82D16E-1668-4B58-BAA1-8DB4EF9F536B}.AppStore|x64.Build.0 = Release|x64
		{7C82D16E-1668-4B58-BAA1-8DB4EF9F536B}.AppStore|x64.Deploy.0 = Release|x64
		{7C82D16E-1668-4B58-BAA1-8DB4EF9F536B}.AppStore|x86.ActiveCfg = Release|x86
		{7C82D16E-1668-4B58-BAA1-8DB4EF9F536B}.AppStore|x86.Build.0 = Release|x86
		{7C82D16E-1668-4B58-BAA1-8DB4EF9F536B}.AppStore|x86.Deploy.0 = Release|x86
		{7C82D16E-1668-4B58-BAA1-8DB4EF9F536B}.Debug|Any CPU.ActiveCfg = Debug|x86
		{7C82D16E-1668-4B58-BAA1-8DB4EF9F536B}.Debug|ARM.ActiveCfg = Debug|ARM
		{7C82D16E-1668-4B58-BAA1-8DB4EF9F536B}.Debug|ARM.Build.0 = Debug|ARM
		{7C82D16E-1668-4B58-BAA1-8DB4EF9F536B}.Debug|ARM.Deploy.0 = Debug|ARM
		{7C82D16E-1668-4B58-BAA1-8DB4EF9F536B}.Debug|iPhone.ActiveCfg = Debug|x86
		{7C82D16E-1668-4B58-BAA1-8DB4EF9F536B}.Debug|iPhoneSimulator.ActiveCfg = Debug|x86
		{7C82D16E-1668-4B58-BAA1-8DB4EF9F536B}.Debug|x64.ActiveCfg = Debug|x64
		{7C82D16E-1668-4B58-BAA1-8DB4EF9F536B}.Debug|x64.Build.0 = Debug|x64
		{7C82D16E-1668-4B58-BAA1-8DB4EF9F536B}.Debug|x64.Deploy.0 = Debug|x64
		{7C82D16E-1668-4B58-BAA1-8DB4EF9F536B}.Debug|x86.ActiveCfg = Debug|x86
		{7C82D16E-1668-4B58-BAA1-8DB4EF9F536B}.Debug|x86.Build.0 = Debug|x86
		{7C82D16E-1668-4B58-BAA1-8DB4EF9F536B}.Debug|x86.Deploy.0 = Debug|x86
		{7C82D16E-1668-4B58-BAA1-8DB4EF9F536B}.Release|Any CPU.ActiveCfg = Release|x86
		{7C82D16E-1668-4B58-BAA1-8DB4EF9F536B}.Release|ARM.ActiveCfg = Release|ARM
		{7C82D16E-1668-4B58-BAA1-8DB4EF9F536B}.Release|ARM.Build.0 = Release|ARM
		{7C82D16E-1668-4B58-BAA1-8DB4EF9F536B}.Release|ARM.Deploy.0 = Release|ARM
		{7C82D16E-1668-4B58-BAA1-8DB4EF9F536B}.Release|iPhone.ActiveCfg = Release|x86
		{7C82D16E-1668-4B58-BAA1-8DB4EF9F536B}.Release|iPhoneSimulator.ActiveCfg = Release|x86
		{7C82D16E-1668-4B58-BAA1-8DB4EF9F536B}.Release|x64.ActiveCfg = Release|x64
		{7C82D16E-1668-4B58-BAA1-8DB4EF9F536B}.Release|x64.Build.0 = Release|x64
		{7C82D16E-1668-4B58-BAA1-8DB4EF9F536B}.Release|x64.Deploy.0 = Release|x64
		{7C82D16E-1668-4B58-BAA1-8DB4EF9F536B}.Release|x86.ActiveCfg = Release|x86
		{7C82D16E-1668-4B58-BAA1-8DB4EF9F536B}.Release|x86.Build.0 = Release|x86
		{7C82D16E-1668-4B58-BAA1-8DB4EF9F536B}.Release|x86.Deploy.0 = Release|x86
		{0C0331D6-C312-4AED-8250-2A2AB7F9B744}.Ad-Hoc|Any CPU.ActiveCfg = Debug|Any CPU
		{0C0331D6-C312-4AED-8250-2A2AB7F9B744}.Ad-Hoc|Any CPU.Build.0 = Debug|Any CPU
		{0C0331D6-C312-4AED-8250-2A2AB7F9B744}.Ad-Hoc|ARM.ActiveCfg = Debug|Any CPU
		{0C0331D6-C312-4AED-8250-2A2AB7F9B744}.Ad-Hoc|ARM.Build.0 = Debug|Any CPU
		{0C0331D6-C312-4AED-8250-2A2AB7F9B744}.Ad-Hoc|iPhone.ActiveCfg = Debug|Any CPU
		{0C0331D6-C312-4AED-8250-2A2AB7F9B744}.Ad-Hoc|iPhone.Build.0 = Debug|Any CPU
		{0C0331D6-C312-4AED-8250-2A2AB7F9B744}.Ad-Hoc|iPhoneSimulator.ActiveCfg = Debug|Any CPU
		{0C0331D6-C312-4AED-8250-2A2AB7F9B744}.Ad-Hoc|iPhoneSimulator.Build.0 = Debug|Any CPU
		{0C0331D6-C312-4AED-8250-2A2AB7F9B744}.Ad-Hoc|x64.ActiveCfg = Debug|Any CPU
		{0C0331D6-C312-4AED-8250-2A2AB7F9B744}.Ad-Hoc|x64.Build.0 = Debug|Any CPU
		{0C0331D6-C312-4AED-8250-2A2AB7F9B744}.Ad-Hoc|x86.ActiveCfg = Debug|Any CPU
		{0C0331D6-C312-4AED-8250-2A2AB7F9B744}.Ad-Hoc|x86.Build.0 = Debug|Any CPU
		{0C0331D6-C312-4AED-8250-2A2AB7F9B744}.AppStore|Any CPU.ActiveCfg = Debug|Any CPU
		{0C0331D6-C312-4AED-8250-2A2AB7F9B744}.AppStore|Any CPU.Build.0 = Debug|Any CPU
		{0C0331D6-C312-4AED-8250-2A2AB7F9B744}.AppStore|ARM.ActiveCfg = Debug|Any CPU
		{0C0331D6-C312-4AED-8250-2A2AB7F9B744}.AppStore|ARM.Build.0 = Debug|Any CPU
		{0C0331D6-C312-4AED-8250-2A2AB7F9B744}.AppStore|iPhone.ActiveCfg = Debug|Any CPU
		{0C0331D6-C312-4AED-8250-2A2AB7F9B744}.AppStore|iPhone.Build.0 = Debug|Any CPU
		{0C0331D6-C312-4AED-8250-2A2AB7F9B744}.AppStore|iPhoneSimulator.ActiveCfg = Debug|Any CPU
		{0C0331D6-C312-4AED-8250-2A2AB7F9B744}.AppStore|iPhoneSimulator.Build.0 = Debug|Any CPU
		{0C0331D6-C312-4AED-8250-2A2AB7F9B744}.AppStore|x64.ActiveCfg = Debug|Any CPU
		{0C0331D6-C312-4AED-8250-2A2AB7F9B744}.AppStore|x64.Build.0 = Debug|Any CPU
		{0C0331D6-C312-4AED-8250-2A2AB7F9B744}.AppStore|x86.ActiveCfg = Debug|Any CPU
		{0C0331D6-C312-4AED-8250-2A2AB7F9B744}.AppStore|x86.Build.0 = Debug|Any CPU
		{0C0331D6-C312-4AED-8250-2A2AB7F9B744}.Debug|Any CPU.ActiveCfg = Debug|Any CPU
		{0C0331D6-C312-4AED-8250-2A2AB7F9B744}.Debug|Any CPU.Build.0 = Debug|Any CPU
		{0C0331D6-C312-4AED-8250-2A2AB7F9B744}.Debug|ARM.ActiveCfg = Debug|Any CPU
		{0C0331D6-C312-4AED-8250-2A2AB7F9B744}.Debug|ARM.Build.0 = Debug|Any CPU
		{0C0331D6-C312-4AED-8250-2A2AB7F9B744}.Debug|iPhone.ActiveCfg = Debug|Any CPU
		{0C0331D6-C312-4AED-8250-2A2AB7F9B744}.Debug|iPhone.Build.0 = Debug|Any CPU
		{0C0331D6-C312-4AED-8250-2A2AB7F9B744}.Debug|iPhoneSimulator.ActiveCfg = Debug|Any CPU
		{0C0331D6-C312-4AED-8250-2A2AB7F9B744}.Debug|iPhoneSimulator.Build.0 = Debug|Any CPU
		{0C0331D6-C312-4AED-8250-2A2AB7F9B744}.Debug|x64.ActiveCfg = Debug|Any CPU
		{0C0331D6-C312-4AED-8250-2A2AB7F9B744}.Debug|x64.Build.0 = Debug|Any CPU
		{0C0331D6-C312-4AED-8250-2A2AB7F9B744}.Debug|x86.ActiveCfg = Debug|Any CPU
		{0C0331D6-C312-4AED-8250-2A2AB7F9B744}.Debug|x86.Build.0 = Debug|Any CPU
		{0C0331D6-C312-4AED-8250-2A2AB7F9B744}.Release|Any CPU.ActiveCfg = Release|Any CPU
		{0C0331D6-C312-4AED-8250-2A2AB7F9B744}.Release|Any CPU.Build.0 = Release|Any CPU
		{0C0331D6-C312-4AED-8250-2A2AB7F9B744}.Release|ARM.ActiveCfg = Release|Any CPU
		{0C0331D6-C312-4AED-8250-2A2AB7F9B744}.Release|ARM.Build.0 = Release|Any CPU
		{0C0331D6-C312-4AED-8250-2A2AB7F9B744}.Release|iPhone.ActiveCfg = Release|Any CPU
		{0C0331D6-C312-4AED-8250-2A2AB7F9B744}.Release|iPhone.Build.0 = Release|Any CPU
		{0C0331D6-C312-4AED-8250-2A2AB7F9B744}.Release|iPhoneSimulator.ActiveCfg = Release|Any CPU
		{0C0331D6-C312-4AED-8250-2A2AB7F9B744}.Release|iPhoneSimulator.Build.0 = Release|Any CPU
		{0C0331D6-C312-4AED-8250-2A2AB7F9B744}.Release|x64.ActiveCfg = Release|Any CPU
		{0C0331D6-C312-4AED-8250-2A2AB7F9B744}.Release|x64.Build.0 = Release|Any CPU
		{0C0331D6-C312-4AED-8250-2A2AB7F9B744}.Release|x86.ActiveCfg = Release|Any CPU
		{0C0331D6-C312-4AED-8250-2A2AB7F9B744}.Release|x86.Build.0 = Release|Any CPU
		{5015C637-97AC-41CA-8C43-02C2F8C9FFB7}.Ad-Hoc|Any CPU.ActiveCfg = Debug|Any CPU
		{5015C637-97AC-41CA-8C43-02C2F8C9FFB7}.Ad-Hoc|Any CPU.Build.0 = Debug|Any CPU
		{5015C637-97AC-41CA-8C43-02C2F8C9FFB7}.Ad-Hoc|ARM.ActiveCfg = Debug|Any CPU
		{5015C637-97AC-41CA-8C43-02C2F8C9FFB7}.Ad-Hoc|ARM.Build.0 = Debug|Any CPU
		{5015C637-97AC-41CA-8C43-02C2F8C9FFB7}.Ad-Hoc|iPhone.ActiveCfg = Debug|Any CPU
		{5015C637-97AC-41CA-8C43-02C2F8C9FFB7}.Ad-Hoc|iPhone.Build.0 = Debug|Any CPU
		{5015C637-97AC-41CA-8C43-02C2F8C9FFB7}.Ad-Hoc|iPhoneSimulator.ActiveCfg = Debug|Any CPU
		{5015C637-97AC-41CA-8C43-02C2F8C9FFB7}.Ad-Hoc|iPhoneSimulator.Build.0 = Debug|Any CPU
		{5015C637-97AC-41CA-8C43-02C2F8C9FFB7}.Ad-Hoc|x64.ActiveCfg = Debug|Any CPU
		{5015C637-97AC-41CA-8C43-02C2F8C9FFB7}.Ad-Hoc|x64.Build.0 = Debug|Any CPU
		{5015C637-97AC-41CA-8C43-02C2F8C9FFB7}.Ad-Hoc|x86.ActiveCfg = Debug|Any CPU
		{5015C637-97AC-41CA-8C43-02C2F8C9FFB7}.Ad-Hoc|x86.Build.0 = Debug|Any CPU
		{5015C637-97AC-41CA-8C43-02C2F8C9FFB7}.AppStore|Any CPU.ActiveCfg = Debug|Any CPU
		{5015C637-97AC-41CA-8C43-02C2F8C9FFB7}.AppStore|Any CPU.Build.0 = Debug|Any CPU
		{5015C637-97AC-41CA-8C43-02C2F8C9FFB7}.AppStore|ARM.ActiveCfg = Debug|Any CPU
		{5015C637-97AC-41CA-8C43-02C2F8C9FFB7}.AppStore|ARM.Build.0 = Debug|Any CPU
		{5015C637-97AC-41CA-8C43-02C2F8C9FFB7}.AppStore|iPhone.ActiveCfg = Debug|Any CPU
		{5015C637-97AC-41CA-8C43-02C2F8C9FFB7}.AppStore|iPhone.Build.0 = Debug|Any CPU
		{5015C637-97AC-41CA-8C43-02C2F8C9FFB7}.AppStore|iPhoneSimulator.ActiveCfg = Debug|Any CPU
		{5015C637-97AC-41CA-8C43-02C2F8C9FFB7}.AppStore|iPhoneSimulator.Build.0 = Debug|Any CPU
		{5015C637-97AC-41CA-8C43-02C2F8C9FFB7}.AppStore|x64.ActiveCfg = Debug|Any CPU
		{5015C637-97AC-41CA-8C43-02C2F8C9FFB7}.AppStore|x64.Build.0 = Debug|Any CPU
		{5015C637-97AC-41CA-8C43-02C2F8C9FFB7}.AppStore|x86.ActiveCfg = Debug|Any CPU
		{5015C637-97AC-41CA-8C43-02C2F8C9FFB7}.AppStore|x86.Build.0 = Debug|Any CPU
		{5015C637-97AC-41CA-8C43-02C2F8C9FFB7}.Debug|Any CPU.ActiveCfg = Debug|Any CPU
		{5015C637-97AC-41CA-8C43-02C2F8C9FFB7}.Debug|Any CPU.Build.0 = Debug|Any CPU
		{5015C637-97AC-41CA-8C43-02C2F8C9FFB7}.Debug|ARM.ActiveCfg = Debug|Any CPU
		{5015C637-97AC-41CA-8C43-02C2F8C9FFB7}.Debug|ARM.Build.0 = Debug|Any CPU
		{5015C637-97AC-41CA-8C43-02C2F8C9FFB7}.Debug|iPhone.ActiveCfg = Debug|Any CPU
		{5015C637-97AC-41CA-8C43-02C2F8C9FFB7}.Debug|iPhone.Build.0 = Debug|Any CPU
		{5015C637-97AC-41CA-8C43-02C2F8C9FFB7}.Debug|iPhoneSimulator.ActiveCfg = Debug|Any CPU
		{5015C637-97AC-41CA-8C43-02C2F8C9FFB7}.Debug|iPhoneSimulator.Build.0 = Debug|Any CPU
		{5015C637-97AC-41CA-8C43-02C2F8C9FFB7}.Debug|x64.ActiveCfg = Debug|Any CPU
		{5015C637-97AC-41CA-8C43-02C2F8C9FFB7}.Debug|x64.Build.0 = Debug|Any CPU
		{5015C637-97AC-41CA-8C43-02C2F8C9FFB7}.Debug|x86.ActiveCfg = Debug|Any CPU
		{5015C637-97AC-41CA-8C43-02C2F8C9FFB7}.Debug|x86.Build.0 = Debug|Any CPU
		{5015C637-97AC-41CA-8C43-02C2F8C9FFB7}.Release|Any CPU.ActiveCfg = Debug|Any CPU
		{5015C637-97AC-41CA-8C43-02C2F8C9FFB7}.Release|Any CPU.Build.0 = Debug|Any CPU
		{5015C637-97AC-41CA-8C43-02C2F8C9FFB7}.Release|ARM.ActiveCfg = Debug|Any CPU
		{5015C637-97AC-41CA-8C43-02C2F8C9FFB7}.Release|ARM.Build.0 = Debug|Any CPU
		{5015C637-97AC-41CA-8C43-02C2F8C9FFB7}.Release|iPhone.ActiveCfg = Debug|Any CPU
		{5015C637-97AC-41CA-8C43-02C2F8C9FFB7}.Release|iPhone.Build.0 = Debug|Any CPU
		{5015C637-97AC-41CA-8C43-02C2F8C9FFB7}.Release|iPhoneSimulator.ActiveCfg = Debug|Any CPU
		{5015C637-97AC-41CA-8C43-02C2F8C9FFB7}.Release|iPhoneSimulator.Build.0 = Debug|Any CPU
		{5015C637-97AC-41CA-8C43-02C2F8C9FFB7}.Release|x64.ActiveCfg = Debug|Any CPU
		{5015C637-97AC-41CA-8C43-02C2F8C9FFB7}.Release|x64.Build.0 = Debug|Any CPU
		{5015C637-97AC-41CA-8C43-02C2F8C9FFB7}.Release|x86.ActiveCfg = Debug|Any CPU
		{5015C637-97AC-41CA-8C43-02C2F8C9FFB7}.Release|x86.Build.0 = Debug|Any CPU
		{F78646D4-74DB-4934-A73E-1F68B9514451}.Ad-Hoc|Any CPU.ActiveCfg = Debug|Any CPU
		{F78646D4-74DB-4934-A73E-1F68B9514451}.Ad-Hoc|Any CPU.Build.0 = Debug|Any CPU
		{F78646D4-74DB-4934-A73E-1F68B9514451}.Ad-Hoc|ARM.ActiveCfg = Debug|Any CPU
		{F78646D4-74DB-4934-A73E-1F68B9514451}.Ad-Hoc|ARM.Build.0 = Debug|Any CPU
		{F78646D4-74DB-4934-A73E-1F68B9514451}.Ad-Hoc|iPhone.ActiveCfg = Debug|Any CPU
		{F78646D4-74DB-4934-A73E-1F68B9514451}.Ad-Hoc|iPhone.Build.0 = Debug|Any CPU
		{F78646D4-74DB-4934-A73E-1F68B9514451}.Ad-Hoc|iPhoneSimulator.ActiveCfg = Debug|Any CPU
		{F78646D4-74DB-4934-A73E-1F68B9514451}.Ad-Hoc|iPhoneSimulator.Build.0 = Debug|Any CPU
		{F78646D4-74DB-4934-A73E-1F68B9514451}.Ad-Hoc|x64.ActiveCfg = Debug|Any CPU
		{F78646D4-74DB-4934-A73E-1F68B9514451}.Ad-Hoc|x64.Build.0 = Debug|Any CPU
		{F78646D4-74DB-4934-A73E-1F68B9514451}.Ad-Hoc|x86.ActiveCfg = Debug|Any CPU
		{F78646D4-74DB-4934-A73E-1F68B9514451}.Ad-Hoc|x86.Build.0 = Debug|Any CPU
		{F78646D4-74DB-4934-A73E-1F68B9514451}.AppStore|Any CPU.ActiveCfg = Debug|Any CPU
		{F78646D4-74DB-4934-A73E-1F68B9514451}.AppStore|Any CPU.Build.0 = Debug|Any CPU
		{F78646D4-74DB-4934-A73E-1F68B9514451}.AppStore|ARM.ActiveCfg = Debug|Any CPU
		{F78646D4-74DB-4934-A73E-1F68B9514451}.AppStore|ARM.Build.0 = Debug|Any CPU
		{F78646D4-74DB-4934-A73E-1F68B9514451}.AppStore|iPhone.ActiveCfg = Debug|Any CPU
		{F78646D4-74DB-4934-A73E-1F68B9514451}.AppStore|iPhone.Build.0 = Debug|Any CPU
		{F78646D4-74DB-4934-A73E-1F68B9514451}.AppStore|iPhoneSimulator.ActiveCfg = Debug|Any CPU
		{F78646D4-74DB-4934-A73E-1F68B9514451}.AppStore|iPhoneSimulator.Build.0 = Debug|Any CPU
		{F78646D4-74DB-4934-A73E-1F68B9514451}.AppStore|x64.ActiveCfg = Debug|Any CPU
		{F78646D4-74DB-4934-A73E-1F68B9514451}.AppStore|x64.Build.0 = Debug|Any CPU
		{F78646D4-74DB-4934-A73E-1F68B9514451}.AppStore|x86.ActiveCfg = Debug|Any CPU
		{F78646D4-74DB-4934-A73E-1F68B9514451}.AppStore|x86.Build.0 = Debug|Any CPU
		{F78646D4-74DB-4934-A73E-1F68B9514451}.Debug|Any CPU.ActiveCfg = Debug|Any CPU
		{F78646D4-74DB-4934-A73E-1F68B9514451}.Debug|Any CPU.Build.0 = Debug|Any CPU
		{F78646D4-74DB-4934-A73E-1F68B9514451}.Debug|ARM.ActiveCfg = Debug|Any CPU
		{F78646D4-74DB-4934-A73E-1F68B9514451}.Debug|ARM.Build.0 = Debug|Any CPU
		{F78646D4-74DB-4934-A73E-1F68B9514451}.Debug|iPhone.ActiveCfg = Debug|Any CPU
		{F78646D4-74DB-4934-A73E-1F68B9514451}.Debug|iPhone.Build.0 = Debug|Any CPU
		{F78646D4-74DB-4934-A73E-1F68B9514451}.Debug|iPhoneSimulator.ActiveCfg = Debug|Any CPU
		{F78646D4-74DB-4934-A73E-1F68B9514451}.Debug|iPhoneSimulator.Build.0 = Debug|Any CPU
		{F78646D4-74DB-4934-A73E-1F68B9514451}.Debug|x64.ActiveCfg = Debug|Any CPU
		{F78646D4-74DB-4934-A73E-1F68B9514451}.Debug|x64.Build.0 = Debug|Any CPU
		{F78646D4-74DB-4934-A73E-1F68B9514451}.Debug|x86.ActiveCfg = Debug|Any CPU
		{F78646D4-74DB-4934-A73E-1F68B9514451}.Debug|x86.Build.0 = Debug|Any CPU
		{F78646D4-74DB-4934-A73E-1F68B9514451}.Release|Any CPU.ActiveCfg = Release|Any CPU
		{F78646D4-74DB-4934-A73E-1F68B9514451}.Release|Any CPU.Build.0 = Release|Any CPU
		{F78646D4-74DB-4934-A73E-1F68B9514451}.Release|ARM.ActiveCfg = Release|Any CPU
		{F78646D4-74DB-4934-A73E-1F68B9514451}.Release|ARM.Build.0 = Release|Any CPU
		{F78646D4-74DB-4934-A73E-1F68B9514451}.Release|iPhone.ActiveCfg = Release|Any CPU
		{F78646D4-74DB-4934-A73E-1F68B9514451}.Release|iPhone.Build.0 = Release|Any CPU
		{F78646D4-74DB-4934-A73E-1F68B9514451}.Release|iPhoneSimulator.ActiveCfg = Release|Any CPU
		{F78646D4-74DB-4934-A73E-1F68B9514451}.Release|iPhoneSimulator.Build.0 = Release|Any CPU
		{F78646D4-74DB-4934-A73E-1F68B9514451}.Release|x64.ActiveCfg = Release|Any CPU
		{F78646D4-74DB-4934-A73E-1F68B9514451}.Release|x64.Build.0 = Release|Any CPU
		{F78646D4-74DB-4934-A73E-1F68B9514451}.Release|x86.ActiveCfg = Release|Any CPU
		{F78646D4-74DB-4934-A73E-1F68B9514451}.Release|x86.Build.0 = Release|Any CPU
	EndGlobalSection
	GlobalSection(SolutionProperties) = preSolution
		HideSolutionNode = FALSE
	EndGlobalSection
	GlobalSection(ExtensibilityGlobals) = postSolution
		SolutionGuid = {DA633345-28AE-4862-91EF-F4168F8C22CD}
	EndGlobalSection
EndGlobal
